
Microsoft Visual Studio Solution File, Format Version 12.00
# Visual Studio Version 17
VisualStudioVersion = 17.4.33213.308
MinimumVisualStudioVersion = 10.0.40219.1
Project("{FAE04EC0-301F-11D3-BF4B-00C04F79EFBC}") = "Movies", "Movies\Movies.csproj", "{365C4BC6-7C83-4B87-9A33-BD9706862F3F}"
EndProject
Global
	GlobalSection(SolutionConfigurationPlatforms) = preSolution
		Debug|Any CPU = Debug|Any CPU
		Release|Any CPU = Release|Any CPU
	EndGlobalSection
	GlobalSection(ProjectConfigurationPlatforms) = postSolution
		{365C4BC6-7C83-4B87-9A33-BD9706862F3F}.Debug|Any CPU.ActiveCfg = Debug|Any CPU
		{365C4BC6-7C83-4B87-9A33-BD9706862F3F}.Debug|Any CPU.Build.0 = Debug|Any CPU
		{365C4BC6-7C83-4B87-9A33-BD9706862F3F}.Release|Any CPU.ActiveCfg = Release|Any CPU
		{365C4BC6-7C83-4B87-9A33-BD9706862F3F}.Release|Any CPU.Build.0 = Release|Any CPU
	EndGlobalSection
	GlobalSection(SolutionProperties) = preSolution
		HideSolutionNode = FALSE
	EndGlobalSection
	GlobalSection(ExtensibilityGlobals) = postSolution
		SolutionGuid = {ACE47ADB-93FE-4021-B428-6D30D51FAE94}
	EndGlobalSection
EndGlobal
